
Microsoft Visual Studio Solution File, Format Version 12.00
# Visual Studio Version 16
VisualStudioVersion = 16.0.29009.5
MinimumVisualStudioVersion = 10.0.40219.1
Project("{FAE04EC0-301F-11D3-BF4B-00C04F79EFBC}") = "AngularForms", "AngularForms.csproj", "{34CA9189-019B-439F-AB44-F991D5951C0D}"
EndProject
Global
	GlobalSection(SolutionConfigurationPlatforms) = preSolution
		Debug|Any CPU = Debug|Any CPU
		Release|Any CPU = Release|Any CPU
	EndGlobalSection
	GlobalSection(ProjectConfigurationPlatforms) = postSolution
		{34CA9189-019B-439F-AB44-F991D5951C0D}.Debug|Any CPU.ActiveCfg = Debug|Any CPU
		{34CA9189-019B-439F-AB44-F991D5951C0D}.Debug|Any CPU.Build.0 = Debug|Any CPU
		{34CA9189-019B-439F-AB44-F991D5951C0D}.Release|Any CPU.ActiveCfg = Release|Any CPU
		{34CA9189-019B-439F-AB44-F991D5951C0D}.Release|Any CPU.Build.0 = Release|Any CPU
	EndGlobalSection
	GlobalSection(SolutionProperties) = preSolution
		HideSolutionNode = FALSE
	EndGlobalSection
	GlobalSection(ExtensibilityGlobals) = postSolution
		SolutionGuid = {C5B65847-3581-4F36-8C99-7A2500824311}
	EndGlobalSection
EndGlobal
